// !$*UTF8*$!
{
	archiveVersion = 1;
	classes = {
	};
	objectVersion = 55;
	objects = {

/* Begin PBXBuildFile section */
		29398BBE28C749F600E65A36 /* AppDelegate.swift in Sources */ = {isa = PBXBuildFile; fileRef = 29398BBD28C749F600E65A36 /* AppDelegate.swift */; };
		29398BC028C749F600E65A36 /* ViewController.swift in Sources */ = {isa = PBXBuildFile; fileRef = 29398BBF28C749F600E65A36 /* ViewController.swift */; };
		29398BC228C749F600E65A36 /* Assets.xcassets in Resources */ = {isa = PBXBuildFile; fileRef = 29398BC128C749F600E65A36 /* Assets.xcassets */; };
		29398BC528C749F600E65A36 /* Main.storyboard in Resources */ = {isa = PBXBuildFile; fileRef = 29398BC328C749F600E65A36 /* Main.storyboard */; };
		29398BCF28C76ED000E65A36 /* MainWC.swift in Sources */ = {isa = PBXBuildFile; fileRef = 29398BCE28C76ED000E65A36 /* MainWC.swift */; };
		29398BD128C784F200E65A36 /* StatusBarController.swift in Sources */ = {isa = PBXBuildFile; fileRef = 29398BD028C784F200E65A36 /* StatusBarController.swift */; };
		29398BD528C7889200E65A36 /* SwiftUI.framework in Frameworks */ = {isa = PBXBuildFile; fileRef = 29398BD428C7889200E65A36 /* SwiftUI.framework */; };
		29398BD728C789DD00E65A36 /* ContentView.swift in Sources */ = {isa = PBXBuildFile; fileRef = 29398BD628C789DD00E65A36 /* ContentView.swift */; };
/* End PBXBuildFile section */

/* Begin PBXFileReference section */
		29398BBA28C749F600E65A36 /* VolumeScroll.app */ = {isa = PBXFileReference; explicitFileType = wrapper.application; includeInIndex = 0; path = VolumeScroll.app; sourceTree = BUILT_PRODUCTS_DIR; };
		29398BBD28C749F600E65A36 /* AppDelegate.swift */ = {isa = PBXFileReference; lastKnownFileType = sourcecode.swift; path = AppDelegate.swift; sourceTree = "<group>"; };
		29398BBF28C749F600E65A36 /* ViewController.swift */ = {isa = PBXFileReference; lastKnownFileType = sourcecode.swift; path = ViewController.swift; sourceTree = "<group>"; };
		29398BC128C749F600E65A36 /* Assets.xcassets */ = {isa = PBXFileReference; lastKnownFileType = folder.assetcatalog; path = Assets.xcassets; sourceTree = "<group>"; };
		29398BC428C749F600E65A36 /* Base */ = {isa = PBXFileReference; lastKnownFileType = file.storyboard; name = Base; path = Base.lproj/Main.storyboard; sourceTree = "<group>"; };
		29398BC628C749F600E65A36 /* VolumeScroll.entitlements */ = {isa = PBXFileReference; lastKnownFileType = text.plist.entitlements; path = VolumeScroll.entitlements; sourceTree = "<group>"; };
		29398BCE28C76ED000E65A36 /* MainWC.swift */ = {isa = PBXFileReference; lastKnownFileType = sourcecode.swift; path = MainWC.swift; sourceTree = "<group>"; };
		29398BD028C784F200E65A36 /* StatusBarController.swift */ = {isa = PBXFileReference; lastKnownFileType = sourcecode.swift; path = StatusBarController.swift; sourceTree = "<group>"; };
		29398BD228C786C900E65A36 /* Info.plist */ = {isa = PBXFileReference; lastKnownFileType = text.plist; path = Info.plist; sourceTree = "<group>"; };
		29398BD428C7889200E65A36 /* SwiftUI.framework */ = {isa = PBXFileReference; lastKnownFileType = wrapper.framework; name = SwiftUI.framework; path = System/Library/Frameworks/SwiftUI.framework; sourceTree = SDKROOT; };
		29398BD628C789DD00E65A36 /* ContentView.swift */ = {isa = PBXFileReference; lastKnownFileType = sourcecode.swift; path = ContentView.swift; sourceTree = "<group>"; };
/* End PBXFileReference section */

/* Begin PBXFrameworksBuildPhase section */
		29398BB728C749F600E65A36 /* Frameworks */ = {
			isa = PBXFrameworksBuildPhase;
			buildActionMask = 2147483647;
			files = (
				29398BD528C7889200E65A36 /* SwiftUI.framework in Frameworks */,
			);
			runOnlyForDeploymentPostprocessing = 0;
		};
/* End PBXFrameworksBuildPhase section */

/* Begin PBXGroup section */
		29398BB128C749F600E65A36 = {
			isa = PBXGroup;
			children = (
				29398BBC28C749F600E65A36 /* VolumeScroll */,
				29398BBB28C749F600E65A36 /* Products */,
				29398BD328C7889200E65A36 /* Frameworks */,
			);
			sourceTree = "<group>";
		};
		29398BBB28C749F600E65A36 /* Products */ = {
			isa = PBXGroup;
			children = (
				29398BBA28C749F600E65A36 /* VolumeScroll.app */,
			);
			name = Products;
			sourceTree = "<group>";
		};
		29398BBC28C749F600E65A36 /* VolumeScroll */ = {
			isa = PBXGroup;
			children = (
				29398BD228C786C900E65A36 /* Info.plist */,
				29398BBD28C749F600E65A36 /* AppDelegate.swift */,
				29398BBF28C749F600E65A36 /* ViewController.swift */,
				29398BC128C749F600E65A36 /* Assets.xcassets */,
				29398BC328C749F600E65A36 /* Main.storyboard */,
				29398BCE28C76ED000E65A36 /* MainWC.swift */,
				29398BD628C789DD00E65A36 /* ContentView.swift */,
				29398BD028C784F200E65A36 /* StatusBarController.swift */,
				29398BC628C749F600E65A36 /* VolumeScroll.entitlements */,
			);
			path = VolumeScroll;
			sourceTree = "<group>";
		};
		29398BD328C7889200E65A36 /* Frameworks */ = {
			isa = PBXGroup;
			children = (
				29398BD428C7889200E65A36 /* SwiftUI.framework */,
			);
			name = Frameworks;
			sourceTree = "<group>";
		};
/* End PBXGroup section */

/* Begin PBXNativeTarget section */
		29398BB928C749F600E65A36 /* VolumeScroll */ = {
			isa = PBXNativeTarget;
			buildConfigurationList = 29398BC928C749F600E65A36 /* Build configuration list for PBXNativeTarget "VolumeScroll" */;
			buildPhases = (
				29398BB628C749F600E65A36 /* Sources */,
				29398BB728C749F600E65A36 /* Frameworks */,
				29398BB828C749F600E65A36 /* Resources */,
			);
			buildRules = (
			);
			dependencies = (
			);
			name = VolumeScroll;
			productName = VolumeScroll;
			productReference = 29398BBA28C749F600E65A36 /* VolumeScroll.app */;
			productType = "com.apple.product-type.application";
		};
/* End PBXNativeTarget section */

/* Begin PBXProject section */
		29398BB228C749F600E65A36 /* Project object */ = {
			isa = PBXProject;
			attributes = {
				BuildIndependentTargetsInParallel = 1;
				LastSwiftUpdateCheck = 1340;
				LastUpgradeCheck = 1340;
				TargetAttributes = {
					29398BB928C749F600E65A36 = {
						CreatedOnToolsVersion = 13.4.1;
					};
				};
			};
			buildConfigurationList = 29398BB528C749F600E65A36 /* Build configuration list for PBXProject "VolumeScroll" */;
			compatibilityVersion = "Xcode 13.0";
			developmentRegion = en;
			hasScannedForEncodings = 0;
			knownRegions = (
				en,
				Base,
			);
			mainGroup = 29398BB128C749F600E65A36;
			productRefGroup = 29398BBB28C749F600E65A36 /* Products */;
			projectDirPath = "";
			projectRoot = "";
			targets = (
				29398BB928C749F600E65A36 /* VolumeScroll */,
			);
		};
/* End PBXProject section */

/* Begin PBXResourcesBuildPhase section */
		29398BB828C749F600E65A36 /* Resources */ = {
			isa = PBXResourcesBuildPhase;
			buildActionMask = 2147483647;
			files = (
				29398BC228C749F600E65A36 /* Assets.xcassets in Resources */,
				29398BC528C749F600E65A36 /* Main.storyboard in Resources */,
			);
			runOnlyForDeploymentPostprocessing = 0;
		};
/* End PBXResourcesBuildPhase section */

/* Begin PBXSourcesBuildPhase section */
		29398BB628C749F600E65A36 /* Sources */ = {
			isa = PBXSourcesBuildPhase;
			buildActionMask = 2147483647;
			files = (
				29398BC028C749F600E65A36 /* ViewController.swift in Sources */,
				29398BD728C789DD00E65A36 /* ContentView.swift in Sources */,
				29398BD128C784F200E65A36 /* StatusBarController.swift in Sources */,
				29398BCF28C76ED000E65A36 /* MainWC.swift in Sources */,
				29398BBE28C749F600E65A36 /* AppDelegate.swift in Sources */,
			);
			runOnlyForDeploymentPostprocessing = 0;
		};
/* End PBXSourcesBuildPhase section */

/* Begin PBXVariantGroup section */
		29398BC328C749F600E65A36 /* Main.storyboard */ = {
			isa = PBXVariantGroup;
			children = (
				29398BC428C749F600E65A36 /* Base */,
			);
			name = Main.storyboard;
			sourceTree = "<group>";
		};
/* End PBXVariantGroup section */

/* Begin XCBuildConfiguration section */
		29398BC728C749F600E65A36 /* Debug */ = {
			isa = XCBuildConfiguration;
			buildSettings = {
				ALWAYS_SEARCH_USER_PATHS = NO;
				CLANG_ANALYZER_NONNULL = YES;
				CLANG_ANALYZER_NUMBER_OBJECT_CONVERSION = YES_AGGRESSIVE;
				CLANG_CXX_LANGUAGE_STANDARD = "gnu++17";
				CLANG_ENABLE_MODULES = YES;
				CLANG_ENABLE_OBJC_ARC = YES;
				CLANG_ENABLE_OBJC_WEAK = YES;
				CLANG_WARN_BLOCK_CAPTURE_AUTORELEASING = YES;
				CLANG_WARN_BOOL_CONVERSION = YES;
				CLANG_WARN_COMMA = YES;
				CLANG_WARN_CONSTANT_CONVERSION = YES;
				CLANG_WARN_DEPRECATED_OBJC_IMPLEMENTATIONS = YES;
				CLANG_WARN_DIRECT_OBJC_ISA_USAGE = YES_ERROR;
				CLANG_WARN_DOCUMENTATION_COMMENTS = YES;
				CLANG_WARN_EMPTY_BODY = YES;
				CLANG_WARN_ENUM_CONVERSION = YES;
				CLANG_WARN_INFINITE_RECURSION = YES;
				CLANG_WARN_INT_CONVERSION = YES;
				CLANG_WARN_NON_LITERAL_NULL_CONVERSION = YES;
				CLANG_WARN_OBJC_IMPLICIT_RETAIN_SELF = YES;
				CLANG_WARN_OBJC_LITERAL_CONVERSION = YES;
				CLANG_WARN_OBJC_ROOT_CLASS = YES_ERROR;
				CLANG_WARN_QUOTED_INCLUDE_IN_FRAMEWORK_HEADER = YES;
				CLANG_WARN_RANGE_LOOP_ANALYSIS = YES;
				CLANG_WARN_STRICT_PROTOTYPES = YES;
				CLANG_WARN_SUSPICIOUS_MOVE = YES;
				CLANG_WARN_UNGUARDED_AVAILABILITY = YES_AGGRESSIVE;
				CLANG_WARN_UNREACHABLE_CODE = YES;
				CLANG_WARN__DUPLICATE_METHOD_MATCH = YES;
				COPY_PHASE_STRIP = NO;
				DEBUG_INFORMATION_FORMAT = dwarf;
				ENABLE_STRICT_OBJC_MSGSEND = YES;
				ENABLE_TESTABILITY = YES;
				GCC_C_LANGUAGE_STANDARD = gnu11;
				GCC_DYNAMIC_NO_PIC = NO;
				GCC_NO_COMMON_BLOCKS = YES;
				GCC_OPTIMIZATION_LEVEL = 0;
				GCC_PREPROCESSOR_DEFINITIONS = (
					"DEBUG=1",
					"$(inherited)",
				);
				GCC_WARN_64_TO_32_BIT_CONVERSION = YES;
				GCC_WARN_ABOUT_RETURN_TYPE = YES_ERROR;
				GCC_WARN_UNDECLARED_SELECTOR = YES;
				GCC_WARN_UNINITIALIZED_AUTOS = YES_AGGRESSIVE;
				GCC_WARN_UNUSED_FUNCTION = YES;
				GCC_WARN_UNUSED_VARIABLE = YES;
				MACOSX_DEPLOYMENT_TARGET = 12.3;
				MTL_ENABLE_DEBUG_INFO = INCLUDE_SOURCE;
				MTL_FAST_MATH = YES;
				ONLY_ACTIVE_ARCH = YES;
				SDKROOT = macosx;
				SWIFT_ACTIVE_COMPILATION_CONDITIONS = DEBUG;
				SWIFT_OPTIMIZATION_LEVEL = "-Onone";
			};
			name = Debug;
		};
		29398BC828C749F600E65A36 /* Release */ = {
			isa = XCBuildConfiguration;
			buildSettings = {
				ALWAYS_SEARCH_USER_PATHS = NO;
				CLANG_ANALYZER_NONNULL = YES;
				CLANG_ANALYZER_NUMBER_OBJECT_CONVERSION = YES_AGGRESSIVE;
				CLANG_CXX_LANGUAGE_STANDARD = "gnu++17";
				CLANG_ENABLE_MODULES = YES;
				CLANG_ENABLE_OBJC_ARC = YES;
				CLANG_ENABLE_OBJC_WEAK = YES;
				CLANG_WARN_BLOCK_CAPTURE_AUTORELEASING = YES;
				CLANG_WARN_BOOL_CONVERSION = YES;
				CLANG_WARN_COMMA = YES;
				CLANG_WARN_CONSTANT_CONVERSION = YES;
				CLANG_WARN_DEPRECATED_OBJC_IMPLEMENTATIONS = YES;
				CLANG_WARN_DIRECT_OBJC_ISA_USAGE = YES_ERROR;
				CLANG_WARN_DOCUMENTATION_COMMENTS = YES;
				CLANG_WARN_EMPTY_BODY = YES;
				CLANG_WARN_ENUM_CONVERSION = YES;
				CLANG_WARN_INFINITE_RECURSION = YES;
				CLANG_WARN_INT_CONVERSION = YES;
				CLANG_WARN_NON_LITERAL_NULL_CONVERSION = YES;
				CLANG_WARN_OBJC_IMPLICIT_RETAIN_SELF = YES;
				CLANG_WARN_OBJC_LITERAL_CONVERSION = YES;
				CLANG_WARN_OBJC_ROOT_CLASS = YES_ERROR;
				CLANG_WARN_QUOTED_INCLUDE_IN_FRAMEWORK_HEADER = YES;
				CLANG_WARN_RANGE_LOOP_ANALYSIS = YES;
				CLANG_WARN_STRICT_PROTOTYPES = YES;
				CLANG_WARN_SUSPICIOUS_MOVE = YES;
				CLANG_WARN_UNGUARDED_AVAILABILITY = YES_AGGRESSIVE;
				CLANG_WARN_UNREACHABLE_CODE = YES;
				CLANG_WARN__DUPLICATE_METHOD_MATCH = YES;
				COPY_PHASE_STRIP = NO;
				DEBUG_INFORMATION_FORMAT = "dwarf-with-dsym";
				ENABLE_NS_ASSERTIONS = NO;
				ENABLE_STRICT_OBJC_MSGSEND = YES;
				GCC_C_LANGUAGE_STANDARD = gnu11;
				GCC_NO_COMMON_BLOCKS = YES;
				GCC_WARN_64_TO_32_BIT_CONVERSION = YES;
				GCC_WARN_ABOUT_RETURN_TYPE = YES_ERROR;
				GCC_WARN_UNDECLARED_SELECTOR = YES;
				GCC_WARN_UNINITIALIZED_AUTOS = YES_AGGRESSIVE;
				GCC_WARN_UNUSED_FUNCTION = YES;
				GCC_WARN_UNUSED_VARIABLE = YES;
				MACOSX_DEPLOYMENT_TARGET = 12.3;
				MTL_ENABLE_DEBUG_INFO = NO;
				MTL_FAST_MATH = YES;
				SDKROOT = macosx;
				SWIFT_COMPILATION_MODE = wholemodule;
				SWIFT_OPTIMIZATION_LEVEL = "-O";
			};
			name = Release;
		};
		29398BCA28C749F600E65A36 /* Debug */ = {
			isa = XCBuildConfiguration;
			buildSettings = {
				ASSETCATALOG_COMPILER_APPICON_NAME = AppIcon;
				ASSETCATALOG_COMPILER_GLOBAL_ACCENT_COLOR_NAME = AccentColor;
				CODE_SIGN_ENTITLEMENTS = VolumeScroll/VolumeScroll.entitlements;
				CODE_SIGN_STYLE = Automatic;
				COMBINE_HIDPI_IMAGES = YES;
				CURRENT_PROJECT_VERSION = 1;
				DEVELOPMENT_TEAM = BJ6AR4JHH2;
				ENABLE_HARDENED_RUNTIME = YES;
				GENERATE_INFOPLIST_FILE = YES;
				INFOPLIST_FILE = VolumeScroll/Info.plist;
				INFOPLIST_KEY_NSHumanReadableCopyright = "";
				INFOPLIST_KEY_NSMainStoryboardFile = Main;
				INFOPLIST_KEY_NSPrincipalClass = NSApplication;
				LD_RUNPATH_SEARCH_PATHS = (
					"$(inherited)",
					"@executable_path/../Frameworks",
				);
				MARKETING_VERSION = 1.0;
				PRODUCT_BUNDLE_IDENTIFIER = zam.VolumeScroll;
				PRODUCT_NAME = "$(TARGET_NAME)";
				SWIFT_EMIT_LOC_STRINGS = YES;
				SWIFT_VERSION = 5.0;
			};
			name = Debug;
		};
		29398BCB28C749F600E65A36 /* Release */ = {
			isa = XCBuildConfiguration;
			buildSettings = {
				ASSETCATALOG_COMPILER_APPICON_NAME = AppIcon;
				ASSETCATALOG_COMPILER_GLOBAL_ACCENT_COLOR_NAME = AccentColor;
				CODE_SIGN_ENTITLEMENTS = VolumeScroll/VolumeScroll.entitlements;
				CODE_SIGN_STYLE = Automatic;
				COMBINE_HIDPI_IMAGES = YES;
				CURRENT_PROJECT_VERSION = 1;
				DEVELOPMENT_TEAM = BJ6AR4JHH2;
				ENABLE_HARDENED_RUNTIME = YES;
				GENERATE_INFOPLIST_FILE = YES;
				INFOPLIST_FILE = VolumeScroll/Info.plist;
				INFOPLIST_KEY_NSHumanReadableCopyright = "";
				INFOPLIST_KEY_NSMainStoryboardFile = Main;
				INFOPLIST_KEY_NSPrincipalClass = NSApplication;
				LD_RUNPATH_SEARCH_PATHS = (
					"$(inherited)",
					"@executable_path/../Frameworks",
				);
				MARKETING_VERSION = 1.0;
				PRODUCT_BUNDLE_IDENTIFIER = zam.VolumeScroll;
				PRODUCT_NAME = "$(TARGET_NAME)";
				SWIFT_EMIT_LOC_STRINGS = YES;
				SWIFT_VERSION = 5.0;
			};
			name = Release;
		};
/* End XCBuildConfiguration section */

/* Begin XCConfigurationList section */
		29398BB528C749F600E65A36 /* Build configuration list for PBXProject "VolumeScroll" */ = {
			isa = XCConfigurationList;
			buildConfigurations = (
				29398BC728C749F600E65A36 /* Debug */,
				29398BC828C749F600E65A36 /* Release */,
			);
			defaultConfigurationIsVisible = 0;
			defaultConfigurationName = Release;
		};
		29398BC928C749F600E65A36 /* Build configuration list for PBXNativeTarget "VolumeScroll" */ = {
			isa = XCConfigurationList;
			buildConfigurations = (
				29398BCA28C749F600E65A36 /* Debug */,
				29398BCB28C749F600E65A36 /* Release */,
			);
			defaultConfigurationIsVisible = 0;
			defaultConfigurationName = Release;
		};
/* End XCConfigurationList section */
	};
	rootObject = 29398BB228C749F600E65A36 /* Project object */;
}
